
Microsoft Visual Studio Solution File, Format Version 12.00
# Visual Studio Version 17
VisualStudioVersion = 17.8.34601.278
MinimumVisualStudioVersion = 10.0.40219.1
Project("{9A19103F-16F7-4668-BE54-9A1E7A4F7556}") = "Bulk.Domain", "Bulk.Domain\Bulk.Domain.csproj", "{DAB0AD42-D703-4CEC-B838-719F4BDF070C}"
EndProject
Project("{9A19103F-16F7-4668-BE54-9A1E7A4F7556}") = "Bulk.DataAccess", "Bulk.DataAccess\Bulk.DataAccess.csproj", "{35D37EF8-88DD-42E9-9A72-0A0FA9B0DF7A}"
EndProject
Project("{9A19103F-16F7-4668-BE54-9A1E7A4F7556}") = "Bulk.Model", "Bulk.Model\Bulk.Model.csproj", "{7D6F89D9-A451-4A78-B2BB-A940D40D5450}"
EndProject
Project("{9A19103F-16F7-4668-BE54-9A1E7A4F7556}") = "Bulk.Service", "Bulk.Service\Bulk.Service.csproj", "{541186AF-4D1C-42FD-8566-77E6A5DCD3C5}"
EndProject
Project("{9A19103F-16F7-4668-BE54-9A1E7A4F7556}") = "Bulk.Blazor", "Bulk.Blazor\Bulk.Blazor.csproj", "{4A6E44B8-1A90-4BD7-AE6F-A95FC6D28291}"
EndProject
Global
	GlobalSection(SolutionConfigurationPlatforms) = preSolution
		Debug|Any CPU = Debug|Any CPU
		Release|Any CPU = Release|Any CPU
	EndGlobalSection
	GlobalSection(ProjectConfigurationPlatforms) = postSolution
		{DAB0AD42-D703-4CEC-B838-719F4BDF070C}.Debug|Any CPU.ActiveCfg = Debug|Any CPU
		{DAB0AD42-D703-4CEC-B838-719F4BDF070C}.Debug|Any CPU.Build.0 = Debug|Any CPU
		{DAB0AD42-D703-4CEC-B838-719F4BDF070C}.Release|Any CPU.ActiveCfg = Release|Any CPU
		{DAB0AD42-D703-4CEC-B838-719F4BDF070C}.Release|Any CPU.Build.0 = Release|Any CPU
		{35D37EF8-88DD-42E9-9A72-0A0FA9B0DF7A}.Debug|Any CPU.ActiveCfg = Debug|Any CPU
		{35D37EF8-88DD-42E9-9A72-0A0FA9B0DF7A}.Debug|Any CPU.Build.0 = Debug|Any CPU
		{35D37EF8-88DD-42E9-9A72-0A0FA9B0DF7A}.Release|Any CPU.ActiveCfg = Release|Any CPU
		{35D37EF8-88DD-42E9-9A72-0A0FA9B0DF7A}.Release|Any CPU.Build.0 = Release|Any CPU
		{7D6F89D9-A451-4A78-B2BB-A940D40D5450}.Debug|Any CPU.ActiveCfg = Debug|Any CPU
		{7D6F89D9-A451-4A78-B2BB-A940D40D5450}.Debug|Any CPU.Build.0 = Debug|Any CPU
		{7D6F89D9-A451-4A78-B2BB-A940D40D5450}.Release|Any CPU.ActiveCfg = Release|Any CPU
		{7D6F89D9-A451-4A78-B2BB-A940D40D5450}.Release|Any CPU.Build.0 = Release|Any CPU
		{541186AF-4D1C-42FD-8566-77E6A5DCD3C5}.Debug|Any CPU.ActiveCfg = Debug|Any CPU
		{541186AF-4D1C-42FD-8566-77E6A5DCD3C5}.Debug|Any CPU.Build.0 = Debug|Any CPU
		{541186AF-4D1C-42FD-8566-77E6A5DCD3C5}.Release|Any CPU.ActiveCfg = Release|Any CPU
		{541186AF-4D1C-42FD-8566-77E6A5DCD3C5}.Release|Any CPU.Build.0 = Release|Any CPU
		{4A6E44B8-1A90-4BD7-AE6F-A95FC6D28291}.Debug|Any CPU.ActiveCfg = Debug|Any CPU
		{4A6E44B8-1A90-4BD7-AE6F-A95FC6D28291}.Debug|Any CPU.Build.0 = Debug|Any CPU
		{4A6E44B8-1A90-4BD7-AE6F-A95FC6D28291}.Release|Any CPU.ActiveCfg = Release|Any CPU
		{4A6E44B8-1A90-4BD7-AE6F-A95FC6D28291}.Release|Any CPU.Build.0 = Release|Any CPU
	EndGlobalSection
	GlobalSection(SolutionProperties) = preSolution
		HideSolutionNode = FALSE
	EndGlobalSection
	GlobalSection(ExtensibilityGlobals) = postSolution
		SolutionGuid = {DE76AE4D-AB54-4A6B-9F32-7631C298C20A}
	EndGlobalSection
EndGlobal
